
Microsoft Visual Studio Solution File, Format Version 12.00
# Visual Studio Version 16
VisualStudioVersion = 16.0.31702.278
MinimumVisualStudioVersion = 10.0.40219.1
Project("{FAE04EC0-301F-11D3-BF4B-00C04F79EFBC}") = "CourseApplication", "WindowsProgramming\CourseApplication.csproj", "{AE08526B-23B5-4ABC-9AAB-FB1CA530443B}"
EndProject
Global
	GlobalSection(SolutionConfigurationPlatforms) = preSolution
		Debug|Any CPU = Debug|Any CPU
		Release|Any CPU = Release|Any CPU
	EndGlobalSection
	GlobalSection(ProjectConfigurationPlatforms) = postSolution
		{AE08526B-23B5-4ABC-9AAB-FB1CA530443B}.Debug|Any CPU.ActiveCfg = Debug|Any CPU
		{AE08526B-23B5-4ABC-9AAB-FB1CA530443B}.Debug|Any CPU.Build.0 = Debug|Any CPU
		{AE08526B-23B5-4ABC-9AAB-FB1CA530443B}.Release|Any CPU.ActiveCfg = Release|Any CPU
		{AE08526B-23B5-4ABC-9AAB-FB1CA530443B}.Release|Any CPU.Build.0 = Release|Any CPU
	EndGlobalSection
	GlobalSection(SolutionProperties) = preSolution
		HideSolutionNode = FALSE
	EndGlobalSection
	GlobalSection(ExtensibilityGlobals) = postSolution
		SolutionGuid = {D749551B-5C09-48DE-8E93-C057E3035ED0}
	EndGlobalSection
EndGlobal
